
Microsoft Visual Studio Solution File, Format Version 12.00
# Visual Studio Version 16
VisualStudioVersion = 16.0.30309.148
MinimumVisualStudioVersion = 10.0.40219.1
Project("{FAE04EC0-301F-11D3-BF4B-00C04F79EFBC}") = "test", "test\test.csproj", "{8F2DB8BB-CCBE-4ABE-94DF-AEFE564CAA6A}"
EndProject
Project("{FAE04EC0-301F-11D3-BF4B-00C04F79EFBC}") = "Sunrise", "Sunrise\Sunrise.csproj", "{F9FF77A7-5303-4C9A-A9F3-1D39C0BA3F54}"
EndProject
Project("{FAE04EC0-301F-11D3-BF4B-00C04F79EFBC}") = "Sunrise.Core", "Sunrise.Core\Sunrise.Core.csproj", "{EBED3B2F-AE5C-4343-954C-C01F4A94494E}"
EndProject
Global
	GlobalSection(SolutionConfigurationPlatforms) = preSolution
		Debug|Any CPU = Debug|Any CPU
		Release|Any CPU = Release|Any CPU
	EndGlobalSection
	GlobalSection(ProjectConfigurationPlatforms) = postSolution
		{8F2DB8BB-CCBE-4ABE-94DF-AEFE564CAA6A}.Debug|Any CPU.ActiveCfg = Debug|Any CPU
		{8F2DB8BB-CCBE-4ABE-94DF-AEFE564CAA6A}.Debug|Any CPU.Build.0 = Debug|Any CPU
		{8F2DB8BB-CCBE-4ABE-94DF-AEFE564CAA6A}.Release|Any CPU.ActiveCfg = Release|Any CPU
		{8F2DB8BB-CCBE-4ABE-94DF-AEFE564CAA6A}.Release|Any CPU.Build.0 = Release|Any CPU
		{F9FF77A7-5303-4C9A-A9F3-1D39C0BA3F54}.Debug|Any CPU.ActiveCfg = Debug|Any CPU
		{F9FF77A7-5303-4C9A-A9F3-1D39C0BA3F54}.Debug|Any CPU.Build.0 = Debug|Any CPU
		{F9FF77A7-5303-4C9A-A9F3-1D39C0BA3F54}.Release|Any CPU.ActiveCfg = Release|Any CPU
		{F9FF77A7-5303-4C9A-A9F3-1D39C0BA3F54}.Release|Any CPU.Build.0 = Release|Any CPU
		{EBED3B2F-AE5C-4343-954C-C01F4A94494E}.Debug|Any CPU.ActiveCfg = Debug|Any CPU
		{EBED3B2F-AE5C-4343-954C-C01F4A94494E}.Debug|Any CPU.Build.0 = Debug|Any CPU
		{EBED3B2F-AE5C-4343-954C-C01F4A94494E}.Release|Any CPU.ActiveCfg = Release|Any CPU
		{EBED3B2F-AE5C-4343-954C-C01F4A94494E}.Release|Any CPU.Build.0 = Release|Any CPU
	EndGlobalSection
	GlobalSection(SolutionProperties) = preSolution
		HideSolutionNode = FALSE
	EndGlobalSection
	GlobalSection(ExtensibilityGlobals) = postSolution
		SolutionGuid = {F87ADA1F-E1E5-4B2D-94CA-170BF1BE3DF4}
	EndGlobalSection
EndGlobal
